
Microsoft Visual Studio Solution File, Format Version 12.00
# Visual Studio Version 17
VisualStudioVersion = 17.10.35013.160
MinimumVisualStudioVersion = 10.0.40219.1
Project("{FAE04EC0-301F-11D3-BF4B-00C04F79EFBC}") = "Exercice1", "Exercice1\Exercice1.csproj", "{D7620B92-E273-48BC-9629-76B67F7A3AA4}"
EndProject
Project("{FAE04EC0-301F-11D3-BF4B-00C04F79EFBC}") = "Exercice2", "Exercice2\Exercice2.csproj", "{0B7B1BAC-63FF-4C18-A91C-2290C12B26AA}"
EndProject
Project("{FAE04EC0-301F-11D3-BF4B-00C04F79EFBC}") = "Exercice3", "Exercice3\Exercice3.csproj", "{84BC4E4D-D2E6-47DE-AEC7-1184BDC60DDC}"
EndProject
Project("{FAE04EC0-301F-11D3-BF4B-00C04F79EFBC}") = "Exercice4", "Exercice4\Exercice4.csproj", "{CA2240A3-4DE8-4205-96A9-D3DD009DBCAE}"
EndProject
Project("{FAE04EC0-301F-11D3-BF4B-00C04F79EFBC}") = "Exercice5", "Exercice5\Exercice5.csproj", "{153ADFA5-F01F-4506-854C-9402DEA0286D}"
EndProject
Global
	GlobalSection(SolutionConfigurationPlatforms) = preSolution
		Debug|Any CPU = Debug|Any CPU
		Release|Any CPU = Release|Any CPU
	EndGlobalSection
	GlobalSection(ProjectConfigurationPlatforms) = postSolution
		{D7620B92-E273-48BC-9629-76B67F7A3AA4}.Debug|Any CPU.ActiveCfg = Debug|Any CPU
		{D7620B92-E273-48BC-9629-76B67F7A3AA4}.Debug|Any CPU.Build.0 = Debug|Any CPU
		{D7620B92-E273-48BC-9629-76B67F7A3AA4}.Release|Any CPU.ActiveCfg = Release|Any CPU
		{D7620B92-E273-48BC-9629-76B67F7A3AA4}.Release|Any CPU.Build.0 = Release|Any CPU
		{0B7B1BAC-63FF-4C18-A91C-2290C12B26AA}.Debug|Any CPU.ActiveCfg = Debug|Any CPU
		{0B7B1BAC-63FF-4C18-A91C-2290C12B26AA}.Debug|Any CPU.Build.0 = Debug|Any CPU
		{0B7B1BAC-63FF-4C18-A91C-2290C12B26AA}.Release|Any CPU.ActiveCfg = Release|Any CPU
		{0B7B1BAC-63FF-4C18-A91C-2290C12B26AA}.Release|Any CPU.Build.0 = Release|Any CPU
		{84BC4E4D-D2E6-47DE-AEC7-1184BDC60DDC}.Debug|Any CPU.ActiveCfg = Debug|Any CPU
		{84BC4E4D-D2E6-47DE-AEC7-1184BDC60DDC}.Debug|Any CPU.Build.0 = Debug|Any CPU
		{84BC4E4D-D2E6-47DE-AEC7-1184BDC60DDC}.Release|Any CPU.ActiveCfg = Release|Any CPU
		{84BC4E4D-D2E6-47DE-AEC7-1184BDC60DDC}.Release|Any CPU.Build.0 = Release|Any CPU
		{CA2240A3-4DE8-4205-96A9-D3DD009DBCAE}.Debug|Any CPU.ActiveCfg = Debug|Any CPU
		{CA2240A3-4DE8-4205-96A9-D3DD009DBCAE}.Debug|Any CPU.Build.0 = Debug|Any CPU
		{CA2240A3-4DE8-4205-96A9-D3DD009DBCAE}.Release|Any CPU.ActiveCfg = Release|Any CPU
		{CA2240A3-4DE8-4205-96A9-D3DD009DBCAE}.Release|Any CPU.Build.0 = Release|Any CPU
		{153ADFA5-F01F-4506-854C-9402DEA0286D}.Debug|Any CPU.ActiveCfg = Debug|Any CPU
		{153ADFA5-F01F-4506-854C-9402DEA0286D}.Debug|Any CPU.Build.0 = Debug|Any CPU
		{153ADFA5-F01F-4506-854C-9402DEA0286D}.Release|Any CPU.ActiveCfg = Release|Any CPU
		{153ADFA5-F01F-4506-854C-9402DEA0286D}.Release|Any CPU.Build.0 = Release|Any CPU
	EndGlobalSection
	GlobalSection(SolutionProperties) = preSolution
		HideSolutionNode = FALSE
	EndGlobalSection
	GlobalSection(ExtensibilityGlobals) = postSolution
		SolutionGuid = {537E95CF-8FA3-4770-921D-59075D980297}
	EndGlobalSection
EndGlobal
